// !$*UTF8*$!
{
	archiveVersion = 1;
	classes = {
	};
	objectVersion = 77;
	objects = {

/* Begin PBXBuildFile section */
		FBBF000000000000000000A1 /* FirebaseAILogic in Frameworks */ = {isa = PBXBuildFile; productRef = FBEE000000000000000000A1 /* FirebaseAILogic */; };
		FBBF000000000000000000C1 /* FirebaseCore in Frameworks */ = {isa = PBXBuildFile; productRef = FBEE000000000000000000C1 /* FirebaseCore */; };
		FBBF000000000000000000D1 /* FirebaseAppCheck in Frameworks */ = {isa = PBXBuildFile; productRef = FBEE000000000000000000D1 /* FirebaseAppCheck */; };
		FBBF000000000000000000E1 /* Statsig in Frameworks */ = {isa = PBXBuildFile; productRef = FBEE000000000000000000E1 /* Statsig */; };
/* End PBXBuildFile section */

/* Begin PBXContainerItemProxy section */
		FF22FF22FF22FF22FF22FF22 /* PBXContainerItemProxy */ = {
			isa = PBXContainerItemProxy;
			containerPortal = 4B1A214A3008A247005DDBBF /* Project object */;
			proxyType = 1;
			remoteGlobalIDString = 4B1A21513008A247005DDBBF;
			remoteInfo = "Project-Ezra";
		};
/* End PBXContainerItemProxy section */

/* Begin PBXFileReference section */
		4B1A21523008A247005DDBBF /* Project-Ezra.app */ = {isa = PBXFileReference; explicitFileType = wrapper.application; includeInIndex = 0; path = "Project-Ezra.app"; sourceTree = BUILT_PRODUCTS_DIR; };
		CC11CC11CC11CC11CC11CC11 /* Project-EzraTests.xctest */ = {isa = PBXFileReference; explicitFileType = wrapper.cfbundle; includeInIndex = 0; path = "Project-EzraTests.xctest"; sourceTree = BUILT_PRODUCTS_DIR; };
/* End PBXFileReference section */

/* Begin PBXFileSystemSynchronizedBuildFileExceptionSet section */
		4B1A215F3008A248005DDBBF /* Exceptions for "Project-Ezra" folder in "Project-Ezra" target */ = {
			isa = PBXFileSystemSynchronizedBuildFileExceptionSet;
			membershipExceptions = (
				Info.plist,
			);
			target = 4B1A21513008A247005DDBBF /* Project-Ezra */;
		};
/* End PBXFileSystemSynchronizedBuildFileExceptionSet section */

/* Begin PBXFileSystemSynchronizedRootGroup section */
		4B1A21543008A247005DDBBF /* Project-Ezra */ = {
			isa = PBXFileSystemSynchronizedRootGroup;
			exceptions = (
				4B1A215F3008A248005DDBBF /* Exceptions for "Project-Ezra" folder in "Project-Ezra" target */,
			);
			path = "Project-Ezra";
			sourceTree = "<group>";
		};
		AA11AA11AA11AA11AA11AA11 /* Project-EzraTests */ = {
			isa = PBXFileSystemSynchronizedRootGroup;
			path = "Project-EzraTests";
			sourceTree = "<group>";
		};
/* End PBXFileSystemSynchronizedRootGroup section */

/* Begin PBXFrameworksBuildPhase section */
		4B1A214F3008A247005DDBBF /* Frameworks */ = {
			isa = PBXFrameworksBuildPhase;
			buildActionMask = 2147483647;
			files = (
				FBBF000000000000000000A1 /* FirebaseAILogic in Frameworks */,
				FBBF000000000000000000C1 /* FirebaseCore in Frameworks */,
				FBBF000000000000000000D1 /* FirebaseAppCheck in Frameworks */,
				FBBF000000000000000000E1 /* Statsig in Frameworks */,
			);
			runOnlyForDeploymentPostprocessing = 0;
		};
		DD22DD22DD22DD22DD22DD22 /* Frameworks */ = {
			isa = PBXFrameworksBuildPhase;
			buildActionMask = 2147483647;
			files = (
			);
			runOnlyForDeploymentPostprocessing = 0;
		};
/* End PBXFrameworksBuildPhase section */

/* Begin PBXGroup section */
		4B1A21493008A247005DDBBF = {
			isa = PBXGroup;
			children = (
				4B1A21543008A247005DDBBF /* Project-Ezra */,
				4B1A21533008A247005DDBBF /* Products */,
				4BC28AFA30090EF30057D9E2 /* Recovered References */,
			);
			sourceTree = "<group>";
		};
		4B1A21533008A247005DDBBF /* Products */ = {
			isa = PBXGroup;
			children = (
				4B1A21523008A247005DDBBF /* Project-Ezra.app */,
				CC11CC11CC11CC11CC11CC11 /* Project-EzraTests.xctest */,
			);
			name = Products;
			sourceTree = "<group>";
		};
		4BC28AFA30090EF30057D9E2 /* Recovered References */ = {
			isa = PBXGroup;
			children = (
				AA11AA11AA11AA11AA11AA11 /* Project-EzraTests */,
			);
			name = "Recovered References";
			sourceTree = "<group>";
		};
/* End PBXGroup section */

/* Begin PBXNativeTarget section */
		4B1A21513008A247005DDBBF /* Project-Ezra */ = {
			isa = PBXNativeTarget;
			buildConfigurationList = 4B1A21603008A248005DDBBF /* Build configuration list for PBXNativeTarget "Project-Ezra" */;
			buildPhases = (
				4B1A214E3008A247005DDBBF /* Sources */,
				4B1A214F3008A247005DDBBF /* Frameworks */,
				4B1A21503008A247005DDBBF /* Resources */,
			);
			buildRules = (
			);
			dependencies = (
			);
			fileSystemSynchronizedGroups = (
				4B1A21543008A247005DDBBF /* Project-Ezra */,
			);
			name = "Project-Ezra";
			packageProductDependencies = (
				FBEE000000000000000000A1 /* FirebaseAILogic */,
				FBEE000000000000000000C1 /* FirebaseCore */,
				FBEE000000000000000000D1 /* FirebaseAppCheck */,
				FBEE000000000000000000E1 /* Statsig */,
			);
			productName = "Project-Ezra";
			productReference = 4B1A21523008A247005DDBBF /* Project-Ezra.app */;
			productType = "com.apple.product-type.application";
		};
		BB11BB11BB11BB11BB11BB11 /* Project-EzraTests */ = {
			isa = PBXNativeTarget;
			buildConfigurationList = EE11EE11EE11EE11EE11EE11 /* Build configuration list for PBXNativeTarget "Project-EzraTests" */;
			buildPhases = (
				DD11DD11DD11DD11DD11DD11 /* Sources */,
				DD22DD22DD22DD22DD22DD22 /* Frameworks */,
				DD33DD33DD33DD33DD33DD33 /* Resources */,
			);
			buildRules = (
			);
			dependencies = (
				FF11FF11FF11FF11FF11FF11 /* PBXTargetDependency */,
			);
			fileSystemSynchronizedGroups = (
				AA11AA11AA11AA11AA11AA11 /* Project-EzraTests */,
			);
			name = "Project-EzraTests";
			packageProductDependencies = (
			);
			productName = "Project-EzraTests";
			productReference = CC11CC11CC11CC11CC11CC11 /* Project-EzraTests.xctest */;
			productType = "com.apple.product-type.bundle.unit-test";
		};
/* End PBXNativeTarget section */

/* Begin PBXProject section */
		4B1A214A3008A247005DDBBF /* Project object */ = {
			isa = PBXProject;
			attributes = {
				BuildIndependentTargetsInParallel = 1;
				LastSwiftUpdateCheck = 2660;
				LastUpgradeCheck = 2660;
				TargetAttributes = {
					4B1A21513008A247005DDBBF = {
						CreatedOnToolsVersion = 26.6;
					};
					BB11BB11BB11BB11BB11BB11 = {
						CreatedOnToolsVersion = 27.0;
						TestTargetID = 4B1A21513008A247005DDBBF;
					};
				};
			};
			buildConfigurationList = 4B1A214D3008A247005DDBBF /* Build configuration list for PBXProject "Project-Ezra" */;
			developmentRegion = en;
			hasScannedForEncodings = 0;
			knownRegions = (
				en,
				Base,
			);
			mainGroup = 4B1A21493008A247005DDBBF;
			minimizedProjectReferenceProxies = 1;
			packageReferences = (
				4B8E84D93034E73900B96CFF /* XCRemoteSwiftPackageReference "firebase-ios-sdk" */,
				4B8E84D93034E73900B96CF0 /* XCRemoteSwiftPackageReference "statsig-kit" */,
			);
			preferredProjectObjectVersion = 77;
			productRefGroup = 4B1A21533008A247005DDBBF /* Products */;
			projectDirPath = "";
			projectRoot = "";
			targets = (
				4B1A21513008A247005DDBBF /* Project-Ezra */,
				BB11BB11BB11BB11BB11BB11 /* Project-EzraTests */,
			);
		};
/* End PBXProject section */

/* Begin PBXResourcesBuildPhase section */
		4B1A21503008A247005DDBBF /* Resources */ = {
			isa = PBXResourcesBuildPhase;
			buildActionMask = 2147483647;
			files = (
			);
			runOnlyForDeploymentPostprocessing = 0;
		};
		DD33DD33DD33DD33DD33DD33 /* Resources */ = {
			isa = PBXResourcesBuildPhase;
			buildActionMask = 2147483647;
			files = (
			);
			runOnlyForDeploymentPostprocessing = 0;
		};
/* End PBXResourcesBuildPhase section */

/* Begin PBXSourcesBuildPhase section */
		4B1A214E3008A247005DDBBF /* Sources */ = {
			isa = PBXSourcesBuildPhase;
			buildActionMask = 2147483647;
			files = (
			);
			runOnlyForDeploymentPostprocessing = 0;
		};
		DD11DD11DD11DD11DD11DD11 /* Sources */ = {
			isa = PBXSourcesBuildPhase;
			buildActionMask = 2147483647;
			files = (
			);
			runOnlyForDeploymentPostprocessing = 0;
		};
/* End PBXSourcesBuildPhase section */

/* Begin PBXTargetDependency section */
		FF11FF11FF11FF11FF11FF11 /* PBXTargetDependency */ = {
			isa = PBXTargetDependency;
			target = 4B1A21513008A247005DDBBF /* Project-Ezra */;
			targetProxy = FF22FF22FF22FF22FF22FF22 /* PBXContainerItemProxy */;
		};
/* End PBXTargetDependency section */

/* Begin XCBuildConfiguration section */
		4B1A21613008A248005DDBBF /* Debug */ = {
			isa = XCBuildConfiguration;
			buildSettings = {
				ASSETCATALOG_COMPILER_APPICON_NAME = AppIcon;
				ASSETCATALOG_COMPILER_GLOBAL_ACCENT_COLOR_NAME = AccentColor;
				CODE_SIGN_ENTITLEMENTS = "Project-Ezra/Project_Ezra.entitlements";
				CODE_SIGN_STYLE = Automatic;
				CURRENT_PROJECT_VERSION = 1;
				DEVELOPMENT_TEAM = 43DTQTDS67;
				ENABLE_PREVIEWS = YES;
				GENERATE_INFOPLIST_FILE = YES;
				INFOPLIST_FILE = "Project-Ezra/Info.plist";
				INFOPLIST_KEY_LSApplicationCategoryType = "public.app-category.lifestyle";
				INFOPLIST_KEY_UIApplicationSceneManifest_Generation = YES;
				INFOPLIST_KEY_UIApplicationSupportsIndirectInputEvents = YES;
				INFOPLIST_KEY_UILaunchScreen_Generation = YES;
				INFOPLIST_KEY_UISupportedInterfaceOrientations_iPad = "UIInterfaceOrientationPortrait UIInterfaceOrientationPortraitUpsideDown UIInterfaceOrientationLandscapeLeft UIInterfaceOrientationLandscapeRight";
				INFOPLIST_KEY_UISupportedInterfaceOrientations_iPhone = "UIInterfaceOrientationPortrait UIInterfaceOrientationLandscapeLeft UIInterfaceOrientationLandscapeRight";
				IPHONEOS_DEPLOYMENT_TARGET = 27.0;
				LD_RUNPATH_SEARCH_PATHS = (
					"$(inherited)",
					"@executable_path/Frameworks",
				);
				MARKETING_VERSION = 1.0;
				PRODUCT_BUNDLE_IDENTIFIER = "amanze-studios.Project-Ezra";
				PRODUCT_NAME = "$(TARGET_NAME)";
				STRING_CATALOG_GENERATE_SYMBOLS = YES;
				SWIFT_APPROACHABLE_CONCURRENCY = YES;
				SWIFT_DEFAULT_ACTOR_ISOLATION = MainActor;
				SWIFT_EMIT_LOC_STRINGS = YES;
				SWIFT_UPCOMING_FEATURE_MEMBER_IMPORT_VISIBILITY = YES;
				SWIFT_VERSION = 5.0;
				TARGETED_DEVICE_FAMILY = "1,2";
			};
			name = Debug;
		};
		4B1A21623008A248005DDBBF /* Release */ = {
			isa = XCBuildConfiguration;
			buildSettings = {
				ASSETCATALOG_COMPILER_APPICON_NAME = AppIcon;
				ASSETCATALOG_COMPILER_GLOBAL_ACCENT_COLOR_NAME = AccentColor;
				CODE_SIGN_ENTITLEMENTS = "Project-Ezra/Project_Ezra.entitlements";
				CODE_SIGN_STYLE = Automatic;
				CURRENT_PROJECT_VERSION = 1;
				DEVELOPMENT_TEAM = 43DTQTDS67;
				ENABLE_PREVIEWS = YES;
				GENERATE_INFOPLIST_FILE = YES;
				INFOPLIST_FILE = "Project-Ezra/Info.plist";
				INFOPLIST_KEY_LSApplicationCategoryType = "public.app-category.lifestyle";
				INFOPLIST_KEY_UIApplicationSceneManifest_Generation = YES;
				INFOPLIST_KEY_UIApplicationSupportsIndirectInputEvents = YES;
				INFOPLIST_KEY_UILaunchScreen_Generation = YES;
				INFOPLIST_KEY_UISupportedInterfaceOrientations_iPad = "UIInterfaceOrientationPortrait UIInterfaceOrientationPortraitUpsideDown UIInterfaceOrientationLandscapeLeft UIInterfaceOrientationLandscapeRight";
				INFOPLIST_KEY_UISupportedInterfaceOrientations_iPhone = "UIInterfaceOrientationPortrait UIInterfaceOrientationLandscapeLeft UIInterfaceOrientationLandscapeRight";
				IPHONEOS_DEPLOYMENT_TARGET = 27.0;
				LD_RUNPATH_SEARCH_PATHS = (
					"$(inherited)",
					"@executable_path/Frameworks",
				);
				MARKETING_VERSION = 1.0;
				PRODUCT_BUNDLE_IDENTIFIER = "amanze-studios.Project-Ezra";
				PRODUCT_NAME = "$(TARGET_NAME)";
				STRING_CATALOG_GENERATE_SYMBOLS = YES;
				SWIFT_APPROACHABLE_CONCURRENCY = YES;
				SWIFT_DEFAULT_ACTOR_ISOLATION = MainActor;
				SWIFT_EMIT_LOC_STRINGS = YES;
				SWIFT_UPCOMING_FEATURE_MEMBER_IMPORT_VISIBILITY = YES;
				SWIFT_VERSION = 5.0;
				TARGETED_DEVICE_FAMILY = "1,2";
			};
			name = Release;
		};
		4B1A21633008A248005DDBBF /* Debug */ = {
			isa = XCBuildConfiguration;
			buildSettings = {
				ALWAYS_SEARCH_USER_PATHS = NO;
				ASSETCATALOG_COMPILER_GENERATE_SWIFT_ASSET_SYMBOL_EXTENSIONS = YES;
				CLANG_ANALYZER_NONNULL = YES;
				CLANG_ANALYZER_NUMBER_OBJECT_CONVERSION = YES_AGGRESSIVE;
				CLANG_CXX_LANGUAGE_STANDARD = "gnu++20";
				CLANG_ENABLE_MODULES = YES;
				CLANG_ENABLE_OBJC_ARC = YES;
				CLANG_ENABLE_OBJC_WEAK = YES;
				CLANG_WARN_BLOCK_CAPTURE_AUTORELEASING = YES;
				CLANG_WARN_BOOL_CONVERSION = YES;
				CLANG_WARN_COMMA = YES;
				CLANG_WARN_CONSTANT_CONVERSION = YES;
				CLANG_WARN_DEPRECATED_OBJC_IMPLEMENTATIONS = YES;
				CLANG_WARN_DIRECT_OBJC_ISA_USAGE = YES_ERROR;
				CLANG_WARN_DOCUMENTATION_COMMENTS = YES;
				CLANG_WARN_EMPTY_BODY = YES;
				CLANG_WARN_ENUM_CONVERSION = YES;
				CLANG_WARN_INFINITE_RECURSION = YES;
				CLANG_WARN_INT_CONVERSION = YES;
				CLANG_WARN_NON_LITERAL_NULL_CONVERSION = YES;
				CLANG_WARN_OBJC_IMPLICIT_RETAIN_SELF = YES;
				CLANG_WARN_OBJC_LITERAL_CONVERSION = YES;
				CLANG_WARN_OBJC_ROOT_CLASS = YES_ERROR;
				CLANG_WARN_QUOTED_INCLUDE_IN_FRAMEWORK_HEADER = YES;
				CLANG_WARN_RANGE_LOOP_ANALYSIS = YES;
				CLANG_WARN_STRICT_PROTOTYPES = YES;
				CLANG_WARN_SUSPICIOUS_MOVE = YES;
				CLANG_WARN_UNGUARDED_AVAILABILITY = YES_AGGRESSIVE;
				CLANG_WARN_UNREACHABLE_CODE = YES;
				CLANG_WARN__DUPLICATE_METHOD_MATCH = YES;
				COPY_PHASE_STRIP = NO;
				DEBUG_INFORMATION_FORMAT = dwarf;
				DEVELOPMENT_TEAM = 43DTQTDS67;
				ENABLE_STRICT_OBJC_MSGSEND = YES;
				ENABLE_TESTABILITY = YES;
				ENABLE_USER_SCRIPT_SANDBOXING = YES;
				GCC_C_LANGUAGE_STANDARD = gnu17;
				GCC_DYNAMIC_NO_PIC = NO;
				GCC_NO_COMMON_BLOCKS = YES;
				GCC_OPTIMIZATION_LEVEL = 0;
				GCC_PREPROCESSOR_DEFINITIONS = (
					"DEBUG=1",
					"$(inherited)",
				);
				GCC_WARN_64_TO_32_BIT_CONVERSION = YES;
				GCC_WARN_ABOUT_RETURN_TYPE = YES_ERROR;
				GCC_WARN_UNDECLARED_SELECTOR = YES;
				GCC_WARN_UNINITIALIZED_AUTOS = YES_AGGRESSIVE;
				GCC_WARN_UNUSED_FUNCTION = YES;
				GCC_WARN_UNUSED_VARIABLE = YES;
				IPHONEOS_DEPLOYMENT_TARGET = 26.5;
				LOCALIZATION_PREFERS_STRING_CATALOGS = YES;
				MTL_ENABLE_DEBUG_INFO = INCLUDE_SOURCE;
				MTL_FAST_MATH = YES;
				ONLY_ACTIVE_ARCH = YES;
				SDKROOT = iphoneos;
				SWIFT_ACTIVE_COMPILATION_CONDITIONS = "DEBUG $(inherited)";
				SWIFT_OPTIMIZATION_LEVEL = "-Onone";
			};
			name = Debug;
		};
		4B1A21643008A248005DDBBF /* Release */ = {
			isa = XCBuildConfiguration;
			buildSettings = {
				ALWAYS_SEARCH_USER_PATHS = NO;
				ASSETCATALOG_COMPILER_GENERATE_SWIFT_ASSET_SYMBOL_EXTENSIONS = YES;
				CLANG_ANALYZER_NONNULL = YES;
				CLANG_ANALYZER_NUMBER_OBJECT_CONVERSION = YES_AGGRESSIVE;
				CLANG_CXX_LANGUAGE_STANDARD = "gnu++20";
				CLANG_ENABLE_MODULES = YES;
				CLANG_ENABLE_OBJC_ARC = YES;
				CLANG_ENABLE_OBJC_WEAK = YES;
				CLANG_WARN_BLOCK_CAPTURE_AUTORELEASING = YES;
				CLANG_WARN_BOOL_CONVERSION = YES;
				CLANG_WARN_COMMA = YES;
				CLANG_WARN_CONSTANT_CONVERSION = YES;
				CLANG_WARN_DEPRECATED_OBJC_IMPLEMENTATIONS = YES;
				CLANG_WARN_DIRECT_OBJC_ISA_USAGE = YES_ERROR;
				CLANG_WARN_DOCUMENTATION_COMMENTS = YES;
				CLANG_WARN_EMPTY_BODY = YES;
				CLANG_WARN_ENUM_CONVERSION = YES;
				CLANG_WARN_INFINITE_RECURSION = YES;
				CLANG_WARN_INT_CONVERSION = YES;
				CLANG_WARN_NON_LITERAL_NULL_CONVERSION = YES;
				CLANG_WARN_OBJC_IMPLICIT_RETAIN_SELF = YES;
				CLANG_WARN_OBJC_LITERAL_CONVERSION = YES;
				CLANG_WARN_OBJC_ROOT_CLASS = YES_ERROR;
				CLANG_WARN_QUOTED_INCLUDE_IN_FRAMEWORK_HEADER = YES;
				CLANG_WARN_RANGE_LOOP_ANALYSIS = YES;
				CLANG_WARN_STRICT_PROTOTYPES = YES;
				CLANG_WARN_SUSPICIOUS_MOVE = YES;
				CLANG_WARN_UNGUARDED_AVAILABILITY = YES_AGGRESSIVE;
				CLANG_WARN_UNREACHABLE_CODE = YES;
				CLANG_WARN__DUPLICATE_METHOD_MATCH = YES;
				COPY_PHASE_STRIP = NO;
				DEBUG_INFORMATION_FORMAT = "dwarf-with-dsym";
				DEVELOPMENT_TEAM = 43DTQTDS67;
				ENABLE_NS_ASSERTIONS = NO;
				ENABLE_STRICT_OBJC_MSGSEND = YES;
				ENABLE_USER_SCRIPT_SANDBOXING = YES;
				GCC_C_LANGUAGE_STANDARD = gnu17;
				GCC_NO_COMMON_BLOCKS = YES;
				GCC_WARN_64_TO_32_BIT_CONVERSION = YES;
				GCC_WARN_ABOUT_RETURN_TYPE = YES_ERROR;
				GCC_WARN_UNDECLARED_SELECTOR = YES;
				GCC_WARN_UNINITIALIZED_AUTOS = YES_AGGRESSIVE;
				GCC_WARN_UNUSED_FUNCTION = YES;
				GCC_WARN_UNUSED_VARIABLE = YES;
				IPHONEOS_DEPLOYMENT_TARGET = 26.5;
				LOCALIZATION_PREFERS_STRING_CATALOGS = YES;
				MTL_ENABLE_DEBUG_INFO = NO;
				MTL_FAST_MATH = YES;
				SDKROOT = iphoneos;
				SWIFT_COMPILATION_MODE = wholemodule;
				VALIDATE_PRODUCT = YES;
			};
			name = Release;
		};
		EE22EE22EE22EE22EE22EE22 /* Debug */ = {
			isa = XCBuildConfiguration;
			buildSettings = {
				BUNDLE_LOADER = "$(TEST_HOST)";
				CODE_SIGN_STYLE = Automatic;
				CURRENT_PROJECT_VERSION = 1;
				DEVELOPMENT_TEAM = 43DTQTDS67;
				GENERATE_INFOPLIST_FILE = YES;
				IPHONEOS_DEPLOYMENT_TARGET = 27.0;
				MARKETING_VERSION = 1.0;
				PRODUCT_BUNDLE_IDENTIFIER = "amanze-studios.Project-EzraTests";
				PRODUCT_NAME = "$(TARGET_NAME)";
				SWIFT_APPROACHABLE_CONCURRENCY = YES;
				SWIFT_DEFAULT_ACTOR_ISOLATION = MainActor;
				SWIFT_EMIT_LOC_STRINGS = NO;
				SWIFT_VERSION = 5.0;
				TARGETED_DEVICE_FAMILY = "1,2";
				TEST_HOST = "$(BUILT_PRODUCTS_DIR)/Project-Ezra.app/$(BUNDLE_EXECUTABLE_FOLDER_PATH)/Project-Ezra";
			};
			name = Debug;
		};
		EE33EE33EE33EE33EE33EE33 /* Release */ = {
			isa = XCBuildConfiguration;
			buildSettings = {
				BUNDLE_LOADER = "$(TEST_HOST)";
				CODE_SIGN_STYLE = Automatic;
				CURRENT_PROJECT_VERSION = 1;
				DEVELOPMENT_TEAM = 43DTQTDS67;
				GENERATE_INFOPLIST_FILE = YES;
				IPHONEOS_DEPLOYMENT_TARGET = 27.0;
				MARKETING_VERSION = 1.0;
				PRODUCT_BUNDLE_IDENTIFIER = "amanze-studios.Project-EzraTests";
				PRODUCT_NAME = "$(TARGET_NAME)";
				SWIFT_APPROACHABLE_CONCURRENCY = YES;
				SWIFT_DEFAULT_ACTOR_ISOLATION = MainActor;
				SWIFT_EMIT_LOC_STRINGS = NO;
				SWIFT_VERSION = 5.0;
				TARGETED_DEVICE_FAMILY = "1,2";
				TEST_HOST = "$(BUILT_PRODUCTS_DIR)/Project-Ezra.app/$(BUNDLE_EXECUTABLE_FOLDER_PATH)/Project-Ezra";
			};
			name = Release;
		};
/* End XCBuildConfiguration section */

/* Begin XCConfigurationList section */
		4B1A214D3008A247005DDBBF /* Build configuration list for PBXProject "Project-Ezra" */ = {
			isa = XCConfigurationList;
			buildConfigurations = (
				4B1A21633008A248005DDBBF /* Debug */,
				4B1A21643008A248005DDBBF /* Release */,
			);
			defaultConfigurationIsVisible = 0;
			defaultConfigurationName = Release;
		};
		4B1A21603008A248005DDBBF /* Build configuration list for PBXNativeTarget "Project-Ezra" */ = {
			isa = XCConfigurationList;
			buildConfigurations = (
				4B1A21613008A248005DDBBF /* Debug */,
				4B1A21623008A248005DDBBF /* Release */,
			);
			defaultConfigurationIsVisible = 0;
			defaultConfigurationName = Release;
		};
		EE11EE11EE11EE11EE11EE11 /* Build configuration list for PBXNativeTarget "Project-EzraTests" */ = {
			isa = XCConfigurationList;
			buildConfigurations = (
				EE22EE22EE22EE22EE22EE22 /* Debug */,
				EE33EE33EE33EE33EE33EE33 /* Release */,
			);
			defaultConfigurationIsVisible = 0;
			defaultConfigurationName = Release;
		};
/* End XCConfigurationList section */

/* Begin XCRemoteSwiftPackageReference section */
		4B8E84D93034E73900B96CF0 /* XCRemoteSwiftPackageReference "statsig-kit" */ = {
			isa = XCRemoteSwiftPackageReference;
			repositoryURL = "https://github.com/statsig-io/statsig-kit";
			requirement = {
				kind = upToNextMajorVersion;
				minimumVersion = 1.62.7;
			};
		};
		4B8E84D93034E73900B96CFF /* XCRemoteSwiftPackageReference "firebase-ios-sdk" */ = {
			isa = XCRemoteSwiftPackageReference;
			repositoryURL = "https://github.com/firebase/firebase-ios-sdk";
			requirement = {
				kind = upToNextMajorVersion;
				minimumVersion = 12.19.2;
			};
		};
/* End XCRemoteSwiftPackageReference section */

/* Begin XCSwiftPackageProductDependency section */
		FBEE000000000000000000A1 /* FirebaseAILogic */ = {
			isa = XCSwiftPackageProductDependency;
			package = 4B8E84D93034E73900B96CFF /* XCRemoteSwiftPackageReference "firebase-ios-sdk" */;
			productName = FirebaseAILogic;
		};
		FBEE000000000000000000C1 /* FirebaseCore */ = {
			isa = XCSwiftPackageProductDependency;
			package = 4B8E84D93034E73900B96CFF /* XCRemoteSwiftPackageReference "firebase-ios-sdk" */;
			productName = FirebaseCore;
		};
		FBEE000000000000000000D1 /* FirebaseAppCheck */ = {
			isa = XCSwiftPackageProductDependency;
			package = 4B8E84D93034E73900B96CFF /* XCRemoteSwiftPackageReference "firebase-ios-sdk" */;
			productName = FirebaseAppCheck;
		};
		FBEE000000000000000000E1 /* Statsig */ = {
			isa = XCSwiftPackageProductDependency;
			package = 4B8E84D93034E73900B96CF0 /* XCRemoteSwiftPackageReference "statsig-kit" */;
			productName = Statsig;
		};
/* End XCSwiftPackageProductDependency section */
	};
	rootObject = 4B1A214A3008A247005DDBBF /* Project object */;
}
